{
  "version": 4,
  "terraform_version": "1.4.5",
  "serial": 68,
  "lineage": "21b556b8-8bb6-3653-00bf-3e3e81cb6f85",
  "outputs": {},
  "resources": [
    {
      "module": "module.aws_eks_module",
      "mode": "data",
      "type": "aws_iam_policy_document",
      "name": "assume_role",
      "provider": "provider[\"registry.terraform.io/hashicorp/aws\"]",
      "instances": [
        {
          "schema_version": 0,
          "attributes": {
            "id": "189502314",
            "json": "{\n  \"Version\": \"2012-10-17\",\n  \"Statement\": [\n    {\n      \"Sid\": \"\",\n      \"Effect\": \"Allow\",\n      \"Action\": \"sts:AssumeRole\",\n      \"Principal\": {\n        \"Service\": \"eks.amazonaws.com\"\n      }\n    }\n  ]\n}",
            "override_json": null,
            "override_policy_documents": null,
            "policy_id": null,
            "source_json": null,
            "source_policy_documents": null,
            "statement": [
              {
                "actions": [
                  "sts:AssumeRole"
                ],
                "condition": [],
                "effect": "Allow",
                "not_actions": [],
                "not_principals": [],
                "not_resources": [],
                "principals": [
                  {
                    "identifiers": [
                      "eks.amazonaws.com"
                    ],
                    "type": "Service"
                  }
                ],
                "resources": [],
                "sid": ""
              }
            ],
            "version": "2012-10-17"
          },
          "sensitive_attributes": []
        }
      ]
    },
    {
      "module": "module.aws_eks_module",
      "mode": "managed",
      "type": "aws_eks_cluster",
      "name": "productivity_app_eks",
      "provider": "provider[\"registry.terraform.io/hashicorp/aws\"]",
      "instances": [
        {
          "schema_version": 0,
          "attributes": {
            "arn": "arn:aws:eks:ap-south-1:212012918124:cluster/productivity_app_eks",
            "certificate_authority": [
              {
                "data": "LS0tLS1CRUdJTiBDRVJUSUZJQ0FURS0tLS0tCk1JSUMvakNDQWVhZ0F3SUJBZ0lCQURBTkJna3Foa2lHOXcwQkFRc0ZBREFWTVJNd0VRWURWUVFERXdwcmRXSmwKY201bGRHVnpNQjRYRFRJek1EVXdOVEF5TlRnMU4xb1hEVE16TURVd01qQXlOVGcxTjFvd0ZURVRNQkVHQTFVRQpBeE1LYTNWaVpYSnVaWFJsY3pDQ0FTSXdEUVlKS29aSWh2Y05BUUVCQlFBRGdnRVBBRENDQVFvQ2dnRUJBTm0zCkpXQURnS0hjR1BsWVE3WlBLVXJ2SFdROVh6L3UrSlEybE5YNk5pWkFnU2g1REdOVDNGL3UzQ2dDT0pFSE1yTW8KaGxqZ3hrSXQ5UDVMbk5UaXBrQXc4d0QzOWNyTXkxdys4QjB2dHlTcEZTUEFkbXJFbzVIWUF4bFp5N2JNTGIyLworVHV5L1pwRnBQMFI4a3hIczNpcExKNm1tUGlRbitlSUJ5bVZudW9rZWk3SEpYUkNxWTZEVDFWZkhsUE16dWVCCjkyYS96Qzh0RlppNmxuTVVqeHhNK2MwZEIwaWVYTGZ2RGpFSDRPOEdDaU1zTVAxNVo3SkdEL2laNHZ1ZmdzM1UKYjhZV3FSNEl4dXYySGI0UFZFSVpRYmNFKzJNU1V5T2dDbnZRM3RJcVJGRTdITENESVJxbW81ekF6TmtsN1FQaApqTDhXV2MwcHMrWGtIcjRYVzhjQ0F3RUFBYU5aTUZjd0RnWURWUjBQQVFIL0JBUURBZ0trTUE4R0ExVWRFd0VCCi93UUZNQU1CQWY4d0hRWURWUjBPQkJZRUZFWFduWUVrMENtd2lEZjZoS0tOVkRuc3p5NGtNQlVHQTFVZEVRUU8KTUF5Q0NtdDFZbVZ5Ym1WMFpYTXdEUVlKS29aSWh2Y05BUUVMQlFBRGdnRUJBQ1VYRTBkcVJ4ZVRrNitrbC9ITgprb2hmUUdvY2liNi95MklXNnFvaW0zWlA1QVNVQ0x3MHFRWCtYSEowMTV5OVI4eU1sVkhsZmVld2xEckYxOFJ3CkFPV2lRS2s0WmRYZmMvekFrSWxvdEFHQVJrNzM1bGtiRzdpUlR3V3ZIS0xieDFVK2d3eFhQbGIyNzhqbEJBYnYKQXlzT1pubG5QRUZURGVNdEJwUkphd0pIYmZLekJueGo1MHU4cjhLWmxwZUM4VXA3ZGR3VHVHN2RucDNkbitBeQpBOUFPT0ZaQXhUNVV4ZnRVZkhQc1dUMCtZdGQ4OHNJc05iL0JZU2EwTWllRGVQS3ZjNGwwUXFyWC9qZDN0V00zCnlsOEgyaVBnVXJBRm9RNTVIUDRURWR6SldrcEV6elh1VElTMC9WR1VLcFZ0ckIvdENKOXE3d0RCQnFpcmxPQlkKOFJFPQotLS0tLUVORCBDRVJUSUZJQ0FURS0tLS0tCg=="
              }
            ],
            "cluster_id": null,
            "created_at": "2023-05-05 02:53:49.558 +0000 UTC",
            "enabled_cluster_log_types": [],
            "encryption_config": [],
            "endpoint": "https://7EB97237D8D1EBE191B00ADDC7B5D100.gr7.ap-south-1.eks.amazonaws.com",
            "id": "productivity_app_eks",
            "identity": [
              {
                "oidc": [
                  {
                    "issuer": "https://oidc.eks.ap-south-1.amazonaws.com/id/7EB97237D8D1EBE191B00ADDC7B5D100"
                  }
                ]
              }
            ],
            "kubernetes_network_config": [
              {
                "ip_family": "ipv4",
                "service_ipv4_cidr": "10.100.0.0/16",
                "service_ipv6_cidr": ""
              }
            ],
            "name": "productivity_app_eks",
            "outpost_config": [],
            "platform_version": "eks.2",
            "role_arn": "arn:aws:iam::212012918124:role/eks-cluster-productivity-app",
            "status": "ACTIVE",
            "tags": {},
            "tags_all": {},
            "timeouts": null,
            "version": "1.25",
            "vpc_config": [
              {
                "cluster_security_group_id": "sg-0c9bc7da0130c6b59",
                "endpoint_private_access": false,
                "endpoint_public_access": true,
                "public_access_cidrs": [
                  "0.0.0.0/0"
                ],
                "security_group_ids": [],
                "subnet_ids": [
                  "subnet-031f09e86179cbbe3",
                  "subnet-05e232be57e95011f"
                ],
                "vpc_id": "vpc-0400c2ed06a3e86de"
              }
            ]
          },
          "sensitive_attributes": [],
          "private": "eyJlMmJmYjczMC1lY2FhLTExZTYtOGY4OC0zNDM2M2JjN2M0YzAiOnsiY3JlYXRlIjoxODAwMDAwMDAwMDAwLCJkZWxldGUiOjkwMDAwMDAwMDAwMCwidXBkYXRlIjozNjAwMDAwMDAwMDAwfX0=",
          "dependencies": [
            "module.aws_eks_module.aws_iam_role.productivity_app_eks_role",
            "module.aws_eks_module.aws_iam_role_policy_attachment.AmazonEKSClusterPolicy",
            "module.aws_eks_module.data.aws_iam_policy_document.assume_role"
          ]
        }
      ]
    },
    {
      "module": "module.aws_eks_module",
      "mode": "managed",
      "type": "aws_iam_role",
      "name": "productivity_app_eks_role",
      "provider": "provider[\"registry.terraform.io/hashicorp/aws\"]",
      "instances": [
        {
          "schema_version": 0,
          "attributes": {
            "arn": "arn:aws:iam::212012918124:role/eks-cluster-productivity-app",
            "assume_role_policy": "{\"Statement\":[{\"Action\":\"sts:AssumeRole\",\"Effect\":\"Allow\",\"Principal\":{\"Service\":\"eks.amazonaws.com\"},\"Sid\":\"\"}],\"Version\":\"2012-10-17\"}",
            "create_date": "2023-05-05T02:53:46Z",
            "description": "",
            "force_detach_policies": false,
            "id": "eks-cluster-productivity-app",
            "inline_policy": [],
            "managed_policy_arns": [
              "arn:aws:iam::aws:policy/AmazonEKSClusterPolicy"
            ],
            "max_session_duration": 3600,
            "name": "eks-cluster-productivity-app",
            "name_prefix": "",
            "path": "/",
            "permissions_boundary": null,
            "role_last_used": [
              {
                "last_used_date": "2023-05-05T03:48:28Z",
                "region": "ap-south-1"
              }
            ],
            "tags": {},
            "tags_all": {},
            "unique_id": "AROATCXHUMVWHCY5TAKQB"
          },
          "sensitive_attributes": [],
          "private": "bnVsbA==",
          "dependencies": [
            "module.aws_eks_module.data.aws_iam_policy_document.assume_role"
          ]
        }
      ]
    },
    {
      "module": "module.aws_eks_module",
      "mode": "managed",
      "type": "aws_iam_role_policy_attachment",
      "name": "AmazonEKSClusterPolicy",
      "provider": "provider[\"registry.terraform.io/hashicorp/aws\"]",
      "instances": [
        {
          "schema_version": 0,
          "attributes": {
            "id": "eks-cluster-productivity-app-20230505025347379200000001",
            "policy_arn": "arn:aws:iam::aws:policy/AmazonEKSClusterPolicy",
            "role": "eks-cluster-productivity-app"
          },
          "sensitive_attributes": [],
          "private": "bnVsbA==",
          "dependencies": [
            "module.aws_eks_module.aws_iam_role.productivity_app_eks_role",
            "module.aws_eks_module.data.aws_iam_policy_document.assume_role"
          ]
        }
      ]
    }
  ],
  "check_results": null
}
